{
    "_readme": [
        "This file locks the dependencies of your project to a known state",
        "Read more about it at http://getcomposer.org/doc/01-basic-usage.md#composer-lock-the-lock-file",
        "This file is @generated automatically"
    ],
    "hash": "bdc08b713cdaa57d7259ed7de3887ddd",
    "packages": [
        {
            "name": "erusev/parsedown",
            "version": "1.5.1",
            "source": {
                "type": "git",
                "url": "https://github.com/erusev/parsedown.git",
                "reference": "9da19c1108c39df9b42adc42e39b8371070652d0"
            },
            "dist": {
                "type": "zip",
                "url": "https://api.github.com/repos/erusev/parsedown/zipball/9da19c1108c39df9b42adc42e39b8371070652d0",
                "reference": "9da19c1108c39df9b42adc42e39b8371070652d0",
                "shasum": ""
            },
            "type": "library",
            "autoload": {
                "psr-0": {
                    "Parsedown": ""
                }
            },
            "notification-url": "https://packagist.org/downloads/",
            "license": [
                "MIT"
            ],
            "authors": [
                {
                    "name": "Emanuil Rusev",
                    "email": "hello@erusev.com",
                    "homepage": "http://erusev.com"
                }
            ],
            "description": "Parser for Markdown.",
            "homepage": "http://parsedown.org",
            "keywords": [
                "markdown",
                "parser"
            ],
            "time": "2015-01-24 13:01:47"
        },
        {
            "name": "erusev/parsedown-extra",
            "version": "dev-master",
            "source": {
                "type": "git",
                "url": "https://github.com/erusev/parsedown-extra.git",
                "reference": "a7eaaa5d1456626b7687eb4464b869acdee9061e"
            },
            "dist": {
                "type": "zip",
                "url": "https://api.github.com/repos/erusev/parsedown-extra/zipball/a7eaaa5d1456626b7687eb4464b869acdee9061e",
                "reference": "a7eaaa5d1456626b7687eb4464b869acdee9061e",
                "shasum": ""
            },
            "require": {
                "erusev/parsedown": "~1.4"
            },
            "type": "library",
            "autoload": {
                "psr-0": {
                    "ParsedownExtra": ""
                }
            },
            "notification-url": "https://packagist.org/downloads/",
            "license": [
                "MIT"
            ],
            "authors": [
                {
                    "name": "Emanuil Rusev",
                    "email": "hello@erusev.com",
                    "homepage": "http://erusev.com"
                }
            ],
            "description": "An extension of Parsedown that adds support for Markdown Extra.",
            "homepage": "https://github.com/erusev/parsedown-extra",
            "keywords": [
                "markdown",
                "markdown extra",
                "parsedown",
                "parser"
            ],
            "time": "2015-02-23 18:43:02"
        },
        {
            "name": "klein/klein",
            "version": "v2.1.0",
            "source": {
                "type": "git",
                "url": "https://github.com/chriso/klein.php.git",
                "reference": "5dc073f05adb67ee09680545b4cc7b0590d2559e"
            },
            "dist": {
                "type": "zip",
                "url": "https://api.github.com/repos/chriso/klein.php/zipball/5dc073f05adb67ee09680545b4cc7b0590d2559e",
                "reference": "5dc073f05adb67ee09680545b4cc7b0590d2559e",
                "shasum": ""
            },
            "require": {
                "php": ">=5.3.0"
            },
            "require-dev": {
                "phpunit/php-code-coverage": "1.2.x",
                "phpunit/phpunit": "3.7.x",
                "squizlabs/php_codesniffer": "1.4.8"
            },
            "type": "library",
            "autoload": {
                "psr-4": {
                    "Klein\\": "src/Klein/"
                }
            },
            "notification-url": "https://packagist.org/downloads/",
            "license": [
                "MIT"
            ],
            "authors": [
                {
                    "name": "Chris O'Hara",
                    "email": "cohara87@gmail.com",
                    "homepage": "http://chris6f.com/",
                    "role": "Creator/Developer"
                },
                {
                    "name": "Trevor Suarez",
                    "email": "rican7@gmail.com",
                    "homepage": "http://about.me/tnsuarez",
                    "role": "Contributor/Developer"
                }
            ],
            "description": "A lightning fast router for PHP",
            "homepage": "https://github.com/chriso/klein.php",
            "keywords": [
                "boilerplate",
                "router",
                "routing",
                "sinatra"
            ],
            "time": "2014-11-07 07:35:23"
        },
        {
            "name": "suin/php-rss-writer",
            "version": "1.3",
            "source": {
                "type": "git",
                "url": "https://github.com/suin/php-rss-writer.git",
                "reference": "82812ff988bb470f746d24e153cdc138e8838ff3"
            },
            "dist": {
                "type": "zip",
                "url": "https://api.github.com/repos/suin/php-rss-writer/zipball/82812ff988bb470f746d24e153cdc138e8838ff3",
                "reference": "82812ff988bb470f746d24e153cdc138e8838ff3",
                "shasum": ""
            },
            "require": {
                "php": ">=5.3.0"
            },
            "type": "library",
            "autoload": {
                "psr-0": {
                    "Suin\\RSSWriter": "Source"
                }
            },
            "notification-url": "https://packagist.org/downloads/",
            "license": [
                "MIT"
            ],
            "authors": [
                {
                    "name": "suin",
                    "email": "suinyeze@gmail.com",
                    "homepage": "https://www.facebook.com/suinyeze",
                    "role": "Developer, Renaming Specialist"
                }
            ],
            "description": "Yet another simple RSS writer library for PHP 5.3 or later.",
            "homepage": "https://github.com/suin/php-rss-writer",
            "keywords": [
                "feed",
                "generator",
                "rss",
                "writer"
            ],
            "time": "2014-03-12 06:05:28"
        },
        {
            "name": "voodoophp/handlebars",
            "version": "2.2.2",
            "source": {
                "type": "git",
                "url": "https://github.com/mardix/Handlebars.git",
                "reference": "cfd8efa3a02573e9cefc9adc05aa7df097a9691d"
            },
            "dist": {
                "type": "zip",
                "url": "https://api.github.com/repos/mardix/Handlebars/zipball/cfd8efa3a02573e9cefc9adc05aa7df097a9691d",
                "reference": "cfd8efa3a02573e9cefc9adc05aa7df097a9691d",
                "shasum": ""
            },
            "require": {
                "php": ">=5.4.0"
            },
            "type": "library",
            "autoload": {
                "psr-0": {
                    "Handlebars": "src/"
                }
            },
            "notification-url": "https://packagist.org/downloads/",
            "license": [
                "MIT"
            ],
            "authors": [
                {
                    "name": "fzerorubigd",
                    "email": "fzerorubigd@gmail.com"
                },
                {
                    "name": "Behrooz Shabani (everplays)",
                    "email": "everplays@gmail.com"
                },
                {
                    "name": "Mardix",
                    "homepage": "https://github.com/mardix"
                }
            ],
            "description": "Handlebars processor for php",
            "homepage": "http://voodoophp.org/docs/handlebars",
            "keywords": [
                "handlebars",
                "mustache",
                "templating"
            ],
            "time": "2014-02-21 04:28:49"
        }
    ],
    "packages-dev": [

    ],
    "aliases": [

    ],
    "minimum-stability": "stable",
    "stability-flags": {
        "erusev/parsedown-extra": 20
    },
    "prefer-stable": false,
    "platform": [

    ],
    "platform-dev": [

    ]
}
